
Microsoft Visual Studio Solution File, Format Version 12.00
# Visual Studio 15
VisualStudioVersion = 15.0.27703.2035
MinimumVisualStudioVersion = 10.0.40219.1
Project("{2150E333-8FDC-42A3-9474-1A3956D46DE8}") = "AsyncAwaitMechanics", "AsyncAwaitMechanics", "{9523CC78-B07D-4B49-9D09-928EBA26D329}"
EndProject
Project("{FAE04EC0-301F-11D3-BF4B-00C04F79EFBC}") = "AsynchronousTickTock", "AsynchronousTickTock\AsynchronousTickTock.csproj", "{B23B48EB-24B7-4E29-9F73-725AC504EF75}"
EndProject
Project("{FAE04EC0-301F-11D3-BF4B-00C04F79EFBC}") = "02. AsynchronousTickTockAsStateMachine", "02. AsynchronousTickTockAsStateMachine\02. AsynchronousTickTockAsStateMachine.csproj", "{A1129E99-C3D5-4EB6-A54E-16FC5695F4FE}"
EndProject
Global
	GlobalSection(SolutionConfigurationPlatforms) = preSolution
		Debug|Any CPU = Debug|Any CPU
		Release|Any CPU = Release|Any CPU
	EndGlobalSection
	GlobalSection(ProjectConfigurationPlatforms) = postSolution
		{B23B48EB-24B7-4E29-9F73-725AC504EF75}.Debug|Any CPU.ActiveCfg = Debug|Any CPU
		{B23B48EB-24B7-4E29-9F73-725AC504EF75}.Debug|Any CPU.Build.0 = Debug|Any CPU
		{B23B48EB-24B7-4E29-9F73-725AC504EF75}.Release|Any CPU.ActiveCfg = Release|Any CPU
		{B23B48EB-24B7-4E29-9F73-725AC504EF75}.Release|Any CPU.Build.0 = Release|Any CPU
		{A1129E99-C3D5-4EB6-A54E-16FC5695F4FE}.Debug|Any CPU.ActiveCfg = Debug|Any CPU
		{A1129E99-C3D5-4EB6-A54E-16FC5695F4FE}.Debug|Any CPU.Build.0 = Debug|Any CPU
		{A1129E99-C3D5-4EB6-A54E-16FC5695F4FE}.Release|Any CPU.ActiveCfg = Release|Any CPU
		{A1129E99-C3D5-4EB6-A54E-16FC5695F4FE}.Release|Any CPU.Build.0 = Release|Any CPU
	EndGlobalSection
	GlobalSection(SolutionProperties) = preSolution
		HideSolutionNode = FALSE
	EndGlobalSection
	GlobalSection(NestedProjects) = preSolution
		{B23B48EB-24B7-4E29-9F73-725AC504EF75} = {9523CC78-B07D-4B49-9D09-928EBA26D329}
		{A1129E99-C3D5-4EB6-A54E-16FC5695F4FE} = {9523CC78-B07D-4B49-9D09-928EBA26D329}
	EndGlobalSection
	GlobalSection(ExtensibilityGlobals) = postSolution
		SolutionGuid = {E2787965-4C22-456F-9766-78D04E91B949}
	EndGlobalSection
EndGlobal
